
Microsoft Visual Studio Solution File, Format Version 12.00
# Visual Studio 15
VisualStudioVersion = 15.0.28307.1321
MinimumVisualStudioVersion = 10.0.40219.1
Project("{FAE04EC0-301F-11D3-BF4B-00C04F79EFBC}") = "BattleSea", "BattleSea\BattleSea.csproj", "{DAE8E728-2BFC-4D4A-A6F4-839AD034A9B6}"
EndProject
Global
	GlobalSection(SolutionConfigurationPlatforms) = preSolution
		Debug|Any CPU = Debug|Any CPU
		Release|Any CPU = Release|Any CPU
	EndGlobalSection
	GlobalSection(ProjectConfigurationPlatforms) = postSolution
		{DAE8E728-2BFC-4D4A-A6F4-839AD034A9B6}.Debug|Any CPU.ActiveCfg = Debug|Any CPU
		{DAE8E728-2BFC-4D4A-A6F4-839AD034A9B6}.Debug|Any CPU.Build.0 = Debug|Any CPU
		{DAE8E728-2BFC-4D4A-A6F4-839AD034A9B6}.Release|Any CPU.ActiveCfg = Release|Any CPU
		{DAE8E728-2BFC-4D4A-A6F4-839AD034A9B6}.Release|Any CPU.Build.0 = Release|Any CPU
	EndGlobalSection
	GlobalSection(SolutionProperties) = preSolution
		HideSolutionNode = FALSE
	EndGlobalSection
	GlobalSection(ExtensibilityGlobals) = postSolution
		SolutionGuid = {FE6CC057-3AF7-469E-94D2-4A277C4B24A2}
	EndGlobalSection
EndGlobal
